
Microsoft Visual Studio Solution File, Format Version 12.00
# Visual Studio Version 17
VisualStudioVersion = 17.8.34330.188
MinimumVisualStudioVersion = 10.0.40219.1
Project("{FAE04EC0-301F-11D3-BF4B-00C04F79EFBC}") = "FoodReview", "FoodReview.csproj", "{66D5A6EA-27F2-441D-8C02-7796316D998B}"
EndProject
Global
	GlobalSection(SolutionConfigurationPlatforms) = preSolution
		Debug|Any CPU = Debug|Any CPU
		Release|Any CPU = Release|Any CPU
	EndGlobalSection
	GlobalSection(ProjectConfigurationPlatforms) = postSolution
		{66D5A6EA-27F2-441D-8C02-7796316D998B}.Debug|Any CPU.ActiveCfg = Debug|Any CPU
		{66D5A6EA-27F2-441D-8C02-7796316D998B}.Debug|Any CPU.Build.0 = Debug|Any CPU
		{66D5A6EA-27F2-441D-8C02-7796316D998B}.Release|Any CPU.ActiveCfg = Release|Any CPU
		{66D5A6EA-27F2-441D-8C02-7796316D998B}.Release|Any CPU.Build.0 = Release|Any CPU
	EndGlobalSection
	GlobalSection(SolutionProperties) = preSolution
		HideSolutionNode = FALSE
	EndGlobalSection
	GlobalSection(ExtensibilityGlobals) = postSolution
		SolutionGuid = {E657FD15-A7E8-4688-AD29-2CA75259B710}
	EndGlobalSection
EndGlobal
